// !$*UTF8*$!
{
	archiveVersion = 1;
	classes = {
	};
	objectVersion = 50;
	objects = {

/* Begin PBXBuildFile section */
		CD0515EA20EB7A4400C5994D /* AppDelegate.swift in Sources */ = {isa = PBXBuildFile; fileRef = CD0515E920EB7A4400C5994D /* AppDelegate.swift */; };
		CD0515EC20EB7A4400C5994D /* GoalsVC.swift in Sources */ = {isa = PBXBuildFile; fileRef = CD0515EB20EB7A4400C5994D /* GoalsVC.swift */; };
		CD0515EF20EB7A4400C5994D /* Main.storyboard in Resources */ = {isa = PBXBuildFile; fileRef = CD0515ED20EB7A4400C5994D /* Main.storyboard */; };
		CD0515F220EB7A4400C5994D /* Goal_Post_App.xcdatamodeld in Sources */ = {isa = PBXBuildFile; fileRef = CD0515F020EB7A4400C5994D /* Goal_Post_App.xcdatamodeld */; };
		CD0515F420EB7A4500C5994D /* Assets.xcassets in Resources */ = {isa = PBXBuildFile; fileRef = CD0515F320EB7A4500C5994D /* Assets.xcassets */; };
		CD0515F720EB7A4500C5994D /* LaunchScreen.storyboard in Resources */ = {isa = PBXBuildFile; fileRef = CD0515F520EB7A4500C5994D /* LaunchScreen.storyboard */; };
		CD05160320EB8CE100C5994D /* GoalCell.swift in Sources */ = {isa = PBXBuildFile; fileRef = CD05160220EB8CE100C5994D /* GoalCell.swift */; };
		CD05160520EB8D1D00C5994D /* Constants.swift in Sources */ = {isa = PBXBuildFile; fileRef = CD05160420EB8D1D00C5994D /* Constants.swift */; };
		CD05160720EB971200C5994D /* EnumsType.swift in Sources */ = {isa = PBXBuildFile; fileRef = CD05160620EB971200C5994D /* EnumsType.swift */; };
		CD05160920EB9C6700C5994D /* CreateGoalVC.swift in Sources */ = {isa = PBXBuildFile; fileRef = CD05160820EB9C6700C5994D /* CreateGoalVC.swift */; };
		CD05160B20EBDA8300C5994D /* UIViewControllerExt.swift in Sources */ = {isa = PBXBuildFile; fileRef = CD05160A20EBDA8300C5994D /* UIViewControllerExt.swift */; };
/* End PBXBuildFile section */

/* Begin PBXFileReference section */
		CD0515E620EB7A4400C5994D /* Goal Post App.app */ = {isa = PBXFileReference; explicitFileType = wrapper.application; includeInIndex = 0; path = "Goal Post App.app"; sourceTree = BUILT_PRODUCTS_DIR; };
		CD0515E920EB7A4400C5994D /* AppDelegate.swift */ = {isa = PBXFileReference; lastKnownFileType = sourcecode.swift; path = AppDelegate.swift; sourceTree = "<group>"; };
		CD0515EB20EB7A4400C5994D /* GoalsVC.swift */ = {isa = PBXFileReference; lastKnownFileType = sourcecode.swift; path = GoalsVC.swift; sourceTree = "<group>"; };
		CD0515EE20EB7A4400C5994D /* Base */ = {isa = PBXFileReference; lastKnownFileType = file.storyboard; name = Base; path = Base.lproj/Main.storyboard; sourceTree = "<group>"; };
		CD0515F120EB7A4400C5994D /* Goal_Post_App.xcdatamodel */ = {isa = PBXFileReference; lastKnownFileType = wrapper.xcdatamodel; path = Goal_Post_App.xcdatamodel; sourceTree = "<group>"; };
		CD0515F320EB7A4500C5994D /* Assets.xcassets */ = {isa = PBXFileReference; lastKnownFileType = folder.assetcatalog; path = Assets.xcassets; sourceTree = "<group>"; };
		CD0515F620EB7A4500C5994D /* Base */ = {isa = PBXFileReference; lastKnownFileType = file.storyboard; name = Base; path = Base.lproj/LaunchScreen.storyboard; sourceTree = "<group>"; };
		CD0515F820EB7A4500C5994D /* Info.plist */ = {isa = PBXFileReference; lastKnownFileType = text.plist.xml; path = Info.plist; sourceTree = "<group>"; };
		CD05160220EB8CE100C5994D /* GoalCell.swift */ = {isa = PBXFileReference; lastKnownFileType = sourcecode.swift; path = GoalCell.swift; sourceTree = "<group>"; };
		CD05160420EB8D1D00C5994D /* Constants.swift */ = {isa = PBXFileReference; lastKnownFileType = sourcecode.swift; path = Constants.swift; sourceTree = "<group>"; };
		CD05160620EB971200C5994D /* EnumsType.swift */ = {isa = PBXFileReference; lastKnownFileType = sourcecode.swift; path = EnumsType.swift; sourceTree = "<group>"; };
		CD05160820EB9C6700C5994D /* CreateGoalVC.swift */ = {isa = PBXFileReference; lastKnownFileType = sourcecode.swift; path = CreateGoalVC.swift; sourceTree = "<group>"; };
		CD05160A20EBDA8300C5994D /* UIViewControllerExt.swift */ = {isa = PBXFileReference; lastKnownFileType = sourcecode.swift; path = UIViewControllerExt.swift; sourceTree = "<group>"; };
/* End PBXFileReference section */

/* Begin PBXFrameworksBuildPhase section */
		CD0515E320EB7A4400C5994D /* Frameworks */ = {
			isa = PBXFrameworksBuildPhase;
			buildActionMask = 2147483647;
			files = (
			);
			runOnlyForDeploymentPostprocessing = 0;
		};
/* End PBXFrameworksBuildPhase section */

/* Begin PBXGroup section */
		CD0515DD20EB7A4400C5994D = {
			isa = PBXGroup;
			children = (
				CD0515E820EB7A4400C5994D /* Goal Post App */,
				CD0515E720EB7A4400C5994D /* Products */,
			);
			sourceTree = "<group>";
		};
		CD0515E720EB7A4400C5994D /* Products */ = {
			isa = PBXGroup;
			children = (
				CD0515E620EB7A4400C5994D /* Goal Post App.app */,
			);
			name = Products;
			sourceTree = "<group>";
		};
		CD0515E820EB7A4400C5994D /* Goal Post App */ = {
			isa = PBXGroup;
			children = (
				CD05160120EB7A8E00C5994D /* Extensions */,
				CD05160020EB7A7A00C5994D /* Enums */,
				CD0515FF20EB7A6E00C5994D /* Views */,
				CD0515FE20EB7A5C00C5994D /* Controller */,
				CD0515E920EB7A4400C5994D /* AppDelegate.swift */,
				CD0515ED20EB7A4400C5994D /* Main.storyboard */,
				CD0515F320EB7A4500C5994D /* Assets.xcassets */,
				CD0515F520EB7A4500C5994D /* LaunchScreen.storyboard */,
				CD0515F820EB7A4500C5994D /* Info.plist */,
				CD0515F020EB7A4400C5994D /* Goal_Post_App.xcdatamodeld */,
			);
			path = "Goal Post App";
			sourceTree = "<group>";
		};
		CD0515FE20EB7A5C00C5994D /* Controller */ = {
			isa = PBXGroup;
			children = (
				CD0515EB20EB7A4400C5994D /* GoalsVC.swift */,
				CD05160820EB9C6700C5994D /* CreateGoalVC.swift */,
			);
			path = Controller;
			sourceTree = "<group>";
		};
		CD0515FF20EB7A6E00C5994D /* Views */ = {
			isa = PBXGroup;
			children = (
				CD05160220EB8CE100C5994D /* GoalCell.swift */,
			);
			path = Views;
			sourceTree = "<group>";
		};
		CD05160020EB7A7A00C5994D /* Enums */ = {
			isa = PBXGroup;
			children = (
				CD05160420EB8D1D00C5994D /* Constants.swift */,
				CD05160620EB971200C5994D /* EnumsType.swift */,
			);
			path = Enums;
			sourceTree = "<group>";
		};
		CD05160120EB7A8E00C5994D /* Extensions */ = {
			isa = PBXGroup;
			children = (
				CD05160A20EBDA8300C5994D /* UIViewControllerExt.swift */,
			);
			path = Extensions;
			sourceTree = "<group>";
		};
/* End PBXGroup section */

/* Begin PBXNativeTarget section */
		CD0515E520EB7A4400C5994D /* Goal Post App */ = {
			isa = PBXNativeTarget;
			buildConfigurationList = CD0515FB20EB7A4500C5994D /* Build configuration list for PBXNativeTarget "Goal Post App" */;
			buildPhases = (
				CD0515E220EB7A4400C5994D /* Sources */,
				CD0515E320EB7A4400C5994D /* Frameworks */,
				CD0515E420EB7A4400C5994D /* Resources */,
			);
			buildRules = (
			);
			dependencies = (
			);
			name = "Goal Post App";
			productName = "Goal Post App";
			productReference = CD0515E620EB7A4400C5994D /* Goal Post App.app */;
			productType = "com.apple.product-type.application";
		};
/* End PBXNativeTarget section */

/* Begin PBXProject section */
		CD0515DE20EB7A4400C5994D /* Project object */ = {
			isa = PBXProject;
			attributes = {
				LastSwiftUpdateCheck = 0940;
				LastUpgradeCheck = 0940;
				ORGANIZATIONNAME = "Oforkanji Odekpe";
				TargetAttributes = {
					CD0515E520EB7A4400C5994D = {
						CreatedOnToolsVersion = 9.4.1;
					};
				};
			};
			buildConfigurationList = CD0515E120EB7A4400C5994D /* Build configuration list for PBXProject "Goal Post App" */;
			compatibilityVersion = "Xcode 9.3";
			developmentRegion = en;
			hasScannedForEncodings = 0;
			knownRegions = (
				en,
				Base,
			);
			mainGroup = CD0515DD20EB7A4400C5994D;
			productRefGroup = CD0515E720EB7A4400C5994D /* Products */;
			projectDirPath = "";
			projectRoot = "";
			targets = (
				CD0515E520EB7A4400C5994D /* Goal Post App */,
			);
		};
/* End PBXProject section */

/* Begin PBXResourcesBuildPhase section */
		CD0515E420EB7A4400C5994D /* Resources */ = {
			isa = PBXResourcesBuildPhase;
			buildActionMask = 2147483647;
			files = (
				CD0515F720EB7A4500C5994D /* LaunchScreen.storyboard in Resources */,
				CD0515F420EB7A4500C5994D /* Assets.xcassets in Resources */,
				CD0515EF20EB7A4400C5994D /* Main.storyboard in Resources */,
			);
			runOnlyForDeploymentPostprocessing = 0;
		};
/* End PBXResourcesBuildPhase section */

/* Begin PBXSourcesBuildPhase section */
		CD0515E220EB7A4400C5994D /* Sources */ = {
			isa = PBXSourcesBuildPhase;
			buildActionMask = 2147483647;
			files = (
				CD05160720EB971200C5994D /* EnumsType.swift in Sources */,
				CD05160520EB8D1D00C5994D /* Constants.swift in Sources */,
				CD05160B20EBDA8300C5994D /* UIViewControllerExt.swift in Sources */,
				CD05160320EB8CE100C5994D /* GoalCell.swift in Sources */,
				CD0515EC20EB7A4400C5994D /* GoalsVC.swift in Sources */,
				CD05160920EB9C6700C5994D /* CreateGoalVC.swift in Sources */,
				CD0515EA20EB7A4400C5994D /* AppDelegate.swift in Sources */,
				CD0515F220EB7A4400C5994D /* Goal_Post_App.xcdatamodeld in Sources */,
			);
			runOnlyForDeploymentPostprocessing = 0;
		};
/* End PBXSourcesBuildPhase section */

/* Begin PBXVariantGroup section */
		CD0515ED20EB7A4400C5994D /* Main.storyboard */ = {
			isa = PBXVariantGroup;
			children = (
				CD0515EE20EB7A4400C5994D /* Base */,
			);
			name = Main.storyboard;
			sourceTree = "<group>";
		};
		CD0515F520EB7A4500C5994D /* LaunchScreen.storyboard */ = {
			isa = PBXVariantGroup;
			children = (
				CD0515F620EB7A4500C5994D /* Base */,
			);
			name = LaunchScreen.storyboard;
			sourceTree = "<group>";
		};
/* End PBXVariantGroup section */

/* Begin XCBuildConfiguration section */
		CD0515F920EB7A4500C5994D /* Debug */ = {
			isa = XCBuildConfiguration;
			buildSettings = {
				ALWAYS_SEARCH_USER_PATHS = NO;
				CLANG_ANALYZER_NONNULL = YES;
				CLANG_ANALYZER_NUMBER_OBJECT_CONVERSION = YES_AGGRESSIVE;
				CLANG_CXX_LANGUAGE_STANDARD = "gnu++14";
				CLANG_CXX_LIBRARY = "libc++";
				CLANG_ENABLE_MODULES = YES;
				CLANG_ENABLE_OBJC_ARC = YES;
				CLANG_ENABLE_OBJC_WEAK = YES;
				CLANG_WARN_BLOCK_CAPTURE_AUTORELEASING = YES;
				CLANG_WARN_BOOL_CONVERSION = YES;
				CLANG_WARN_COMMA = YES;
				CLANG_WARN_CONSTANT_CONVERSION = YES;
				CLANG_WARN_DEPRECATED_OBJC_IMPLEMENTATIONS = YES;
				CLANG_WARN_DIRECT_OBJC_ISA_USAGE = YES_ERROR;
				CLANG_WARN_DOCUMENTATION_COMMENTS = YES;
				CLANG_WARN_EMPTY_BODY = YES;
				CLANG_WARN_ENUM_CONVERSION = YES;
				CLANG_WARN_INFINITE_RECURSION = YES;
				CLANG_WARN_INT_CONVERSION = YES;
				CLANG_WARN_NON_LITERAL_NULL_CONVERSION = YES;
				CLANG_WARN_OBJC_IMPLICIT_RETAIN_SELF = YES;
				CLANG_WARN_OBJC_LITERAL_CONVERSION = YES;
				CLANG_WARN_OBJC_ROOT_CLASS = YES_ERROR;
				CLANG_WARN_RANGE_LOOP_ANALYSIS = YES;
				CLANG_WARN_STRICT_PROTOTYPES = YES;
				CLANG_WARN_SUSPICIOUS_MOVE = YES;
				CLANG_WARN_UNGUARDED_AVAILABILITY = YES_AGGRESSIVE;
				CLANG_WARN_UNREACHABLE_CODE = YES;
				CLANG_WARN__DUPLICATE_METHOD_MATCH = YES;
				CODE_SIGN_IDENTITY = "iPhone Developer";
				COPY_PHASE_STRIP = NO;
				DEBUG_INFORMATION_FORMAT = dwarf;
				ENABLE_STRICT_OBJC_MSGSEND = YES;
				ENABLE_TESTABILITY = YES;
				GCC_C_LANGUAGE_STANDARD = gnu11;
				GCC_DYNAMIC_NO_PIC = NO;
				GCC_NO_COMMON_BLOCKS = YES;
				GCC_OPTIMIZATION_LEVEL = 0;
				GCC_PREPROCESSOR_DEFINITIONS = (
					"DEBUG=1",
					"$(inherited)",
				);
				GCC_WARN_64_TO_32_BIT_CONVERSION = YES;
				GCC_WARN_ABOUT_RETURN_TYPE = YES_ERROR;
				GCC_WARN_UNDECLARED_SELECTOR = YES;
				GCC_WARN_UNINITIALIZED_AUTOS = YES_AGGRESSIVE;
				GCC_WARN_UNUSED_FUNCTION = YES;
				GCC_WARN_UNUSED_VARIABLE = YES;
				IPHONEOS_DEPLOYMENT_TARGET = 11.4;
				MTL_ENABLE_DEBUG_INFO = YES;
				ONLY_ACTIVE_ARCH = YES;
				SDKROOT = iphoneos;
				SWIFT_ACTIVE_COMPILATION_CONDITIONS = DEBUG;
				SWIFT_OPTIMIZATION_LEVEL = "-Onone";
			};
			name = Debug;
		};
		CD0515FA20EB7A4500C5994D /* Release */ = {
			isa = XCBuildConfiguration;
			buildSettings = {
				ALWAYS_SEARCH_USER_PATHS = NO;
				CLANG_ANALYZER_NONNULL = YES;
				CLANG_ANALYZER_NUMBER_OBJECT_CONVERSION = YES_AGGRESSIVE;
				CLANG_CXX_LANGUAGE_STANDARD = "gnu++14";
				CLANG_CXX_LIBRARY = "libc++";
				CLANG_ENABLE_MODULES = YES;
				CLANG_ENABLE_OBJC_ARC = YES;
				CLANG_ENABLE_OBJC_WEAK = YES;
				CLANG_WARN_BLOCK_CAPTURE_AUTORELEASING = YES;
				CLANG_WARN_BOOL_CONVERSION = YES;
				CLANG_WARN_COMMA = YES;
				CLANG_WARN_CONSTANT_CONVERSION = YES;
				CLANG_WARN_DEPRECATED_OBJC_IMPLEMENTATIONS = YES;
				CLANG_WARN_DIRECT_OBJC_ISA_USAGE = YES_ERROR;
				CLANG_WARN_DOCUMENTATION_COMMENTS = YES;
				CLANG_WARN_EMPTY_BODY = YES;
				CLANG_WARN_ENUM_CONVERSION = YES;
				CLANG_WARN_INFINITE_RECURSION = YES;
				CLANG_WARN_INT_CONVERSION = YES;
				CLANG_WARN_NON_LITERAL_NULL_CONVERSION = YES;
				CLANG_WARN_OBJC_IMPLICIT_RETAIN_SELF = YES;
				CLANG_WARN_OBJC_LITERAL_CONVERSION = YES;
				CLANG_WARN_OBJC_ROOT_CLASS = YES_ERROR;
				CLANG_WARN_RANGE_LOOP_ANALYSIS = YES;
				CLANG_WARN_STRICT_PROTOTYPES = YES;
				CLANG_WARN_SUSPICIOUS_MOVE = YES;
				CLANG_WARN_UNGUARDED_AVAILABILITY = YES_AGGRESSIVE;
				CLANG_WARN_UNREACHABLE_CODE = YES;
				CLANG_WARN__DUPLICATE_METHOD_MATCH = YES;
				CODE_SIGN_IDENTITY = "iPhone Developer";
				COPY_PHASE_STRIP = NO;
				DEBUG_INFORMATION_FORMAT = "dwarf-with-dsym";
				ENABLE_NS_ASSERTIONS = NO;
				ENABLE_STRICT_OBJC_MSGSEND = YES;
				GCC_C_LANGUAGE_STANDARD = gnu11;
				GCC_NO_COMMON_BLOCKS = YES;
				GCC_WARN_64_TO_32_BIT_CONVERSION = YES;
				GCC_WARN_ABOUT_RETURN_TYPE = YES_ERROR;
				GCC_WARN_UNDECLARED_SELECTOR = YES;
				GCC_WARN_UNINITIALIZED_AUTOS = YES_AGGRESSIVE;
				GCC_WARN_UNUSED_FUNCTION = YES;
				GCC_WARN_UNUSED_VARIABLE = YES;
				IPHONEOS_DEPLOYMENT_TARGET = 11.4;
				MTL_ENABLE_DEBUG_INFO = NO;
				SDKROOT = iphoneos;
				SWIFT_COMPILATION_MODE = wholemodule;
				SWIFT_OPTIMIZATION_LEVEL = "-O";
				VALIDATE_PRODUCT = YES;
			};
			name = Release;
		};
		CD0515FC20EB7A4500C5994D /* Debug */ = {
			isa = XCBuildConfiguration;
			buildSettings = {
				ASSETCATALOG_COMPILER_APPICON_NAME = AppIcon;
				CODE_SIGN_STYLE = Automatic;
				DEVELOPMENT_TEAM = W87L6W32DM;
				INFOPLIST_FILE = "Goal Post App/Info.plist";
				LD_RUNPATH_SEARCH_PATHS = (
					"$(inherited)",
					"@executable_path/Frameworks",
				);
				PRODUCT_BUNDLE_IDENTIFIER = "com.oforkanjiodekpe.Goal-Post-App";
				PRODUCT_NAME = "$(TARGET_NAME)";
				SWIFT_VERSION = 4.0;
				TARGETED_DEVICE_FAMILY = "1,2";
			};
			name = Debug;
		};
		CD0515FD20EB7A4500C5994D /* Release */ = {
			isa = XCBuildConfiguration;
			buildSettings = {
				ASSETCATALOG_COMPILER_APPICON_NAME = AppIcon;
				CODE_SIGN_STYLE = Automatic;
				DEVELOPMENT_TEAM = W87L6W32DM;
				INFOPLIST_FILE = "Goal Post App/Info.plist";
				LD_RUNPATH_SEARCH_PATHS = (
					"$(inherited)",
					"@executable_path/Frameworks",
				);
				PRODUCT_BUNDLE_IDENTIFIER = "com.oforkanjiodekpe.Goal-Post-App";
				PRODUCT_NAME = "$(TARGET_NAME)";
				SWIFT_VERSION = 4.0;
				TARGETED_DEVICE_FAMILY = "1,2";
			};
			name = Release;
		};
/* End XCBuildConfiguration section */

/* Begin XCConfigurationList section */
		CD0515E120EB7A4400C5994D /* Build configuration list for PBXProject "Goal Post App" */ = {
			isa = XCConfigurationList;
			buildConfigurations = (
				CD0515F920EB7A4500C5994D /* Debug */,
				CD0515FA20EB7A4500C5994D /* Release */,
			);
			defaultConfigurationIsVisible = 0;
			defaultConfigurationName = Release;
		};
		CD0515FB20EB7A4500C5994D /* Build configuration list for PBXNativeTarget "Goal Post App" */ = {
			isa = XCConfigurationList;
			buildConfigurations = (
				CD0515FC20EB7A4500C5994D /* Debug */,
				CD0515FD20EB7A4500C5994D /* Release */,
			);
			defaultConfigurationIsVisible = 0;
			defaultConfigurationName = Release;
		};
/* End XCConfigurationList section */

/* Begin XCVersionGroup section */
		CD0515F020EB7A4400C5994D /* Goal_Post_App.xcdatamodeld */ = {
			isa = XCVersionGroup;
			children = (
				CD0515F120EB7A4400C5994D /* Goal_Post_App.xcdatamodel */,
			);
			currentVersion = CD0515F120EB7A4400C5994D /* Goal_Post_App.xcdatamodel */;
			path = Goal_Post_App.xcdatamodeld;
			sourceTree = "<group>";
			versionGroupType = wrapper.xcdatamodel;
		};
/* End XCVersionGroup section */
	};
	rootObject = CD0515DE20EB7A4400C5994D /* Project object */;
}
